# This file was autogenerated by uv via the following command:
#    uv pip compile requirements.txt --python-version 3.11 --output-file requirements-prod.lock
aiohappyeyeballs==2.7.1
    # via aiohttp
aiohttp==3.14.1
    # via -r requirements.txt
aiosignal==1.4.0
    # via aiohttp
aiosqlite==0.22.1
    # via -r requirements.txt
anyio==4.14.2
    # via httpx
apscheduler==3.10.4
    # via
    #   -r requirements.txt
    #   python-telegram-bot
attrs==26.1.0
    # via aiohttp
bcrypt==5.0.0
    # via -r requirements.txt
certifi==2026.6.17
    # via
    #   httpcore
    #   httpx
    #   sentry-sdk
defusedxml==0.7.1
    # via fpdf2
fonttools==4.63.0
    # via fpdf2
fpdf2==2.8.7
    # via -r requirements.txt
frozenlist==1.8.0
    # via
    #   aiohttp
    #   aiosignal
greenlet==3.5.3
    # via sqlalchemy
h11==0.16.0
    # via httpcore
httpcore==1.0.9
    # via httpx
httpx==0.28.1
    # via python-telegram-bot
idna==3.18
    # via
    #   anyio
    #   httpx
    #   yarl
multidict==6.7.1
    # via
    #   aiohttp
    #   yarl
pillow==12.3.0
    # via fpdf2
propcache==0.5.2
    # via
    #   aiohttp
    #   yarl
psycopg2-binary==2.9.12
    # via -r requirements.txt
pyjwt==2.13.0
    # via -r requirements.txt
python-dotenv==1.2.2
    # via -r requirements.txt
python-telegram-bot==22.8
    # via -r requirements.txt
pytz==2026.2
    # via apscheduler
sentry-sdk==2.65.0
    # via -r requirements.txt
six==1.17.0
    # via apscheduler
sqlalchemy==2.0.51
    # via -r requirements.txt
typing-extensions==4.16.0
    # via
    #   aiohttp
    #   aiosignal
    #   anyio
    #   sqlalchemy
tzlocal==5.4.4
    # via apscheduler
urllib3==2.7.0
    # via sentry-sdk
yarl==1.24.2
    # via aiohttp
